// !$*UTF8*$!
{
	archiveVersion = 1;
	classes = {
	};
	objectVersion = 46;
	objects = {

/* Begin PBXBuildFile section */
		0F348EE118FE2171000193C8 /* TencentOpenAPI.framework in Frameworks */ = {isa = PBXBuildFile; fileRef = 0F348EE018FE2170000193C8 /* TencentOpenAPI.framework */; };
		0F348EE318FE2183000193C8 /* SystemConfiguration.framework in Frameworks */ = {isa = PBXBuildFile; fileRef = 0F348EE218FE2183000193C8 /* SystemConfiguration.framework */; };
		0F348EE518FE21B0000193C8 /* CoreTelephony.framework in Frameworks */ = {isa = PBXBuildFile; fileRef = 0F348EE418FE21B0000193C8 /* CoreTelephony.framework */; };
		0F348EE718FE21C5000193C8 /* CoreFoundation.framework in Frameworks */ = {isa = PBXBuildFile; fileRef = 0F348EE618FE21C5000193C8 /* CoreFoundation.framework */; };
		0F348EE918FE21CD000193C8 /* libstdc++.dylib in Frameworks */ = {isa = PBXBuildFile; fileRef = 0F348EE818FE21CD000193C8 /* libstdc++.dylib */; };
		0F348EEB18FE21DB000193C8 /* libsqlite3.dylib in Frameworks */ = {isa = PBXBuildFile; fileRef = 0F348EEA18FE21DB000193C8 /* libsqlite3.dylib */; };
		0F348EED18FE21E5000193C8 /* libz.1.1.3.dylib in Frameworks */ = {isa = PBXBuildFile; fileRef = 0F348EEC18FE21E5000193C8 /* libz.1.1.3.dylib */; };
		0F348EEF18FE2202000193C8 /* TencentOpenApi_IOS_Bundle.bundle in Resources */ = {isa = PBXBuildFile; fileRef = 0F348EEE18FE2202000193C8 /* TencentOpenApi_IOS_Bundle.bundle */; };
		0F3C4F2418FD666E00EE1904 /* Foundation.framework in Frameworks */ = {isa = PBXBuildFile; fileRef = 0F3C4F2318FD666E00EE1904 /* Foundation.framework */; };
		0F3C4F2618FD666E00EE1904 /* CoreGraphics.framework in Frameworks */ = {isa = PBXBuildFile; fileRef = 0F3C4F2518FD666E00EE1904 /* CoreGraphics.framework */; };
		0F3C4F2818FD666E00EE1904 /* UIKit.framework in Frameworks */ = {isa = PBXBuildFile; fileRef = 0F3C4F2718FD666E00EE1904 /* UIKit.framework */; };
		0F3C4F2E18FD666E00EE1904 /* InfoPlist.strings in Resources */ = {isa = PBXBuildFile; fileRef = 0F3C4F2C18FD666E00EE1904 /* InfoPlist.strings */; };
		0F3C4F3018FD666E00EE1904 /* main.m in Sources */ = {isa = PBXBuildFile; fileRef = 0F3C4F2F18FD666E00EE1904 /* main.m */; };
		0F3C4F3418FD666E00EE1904 /* gisxyAppDelegate.m in Sources */ = {isa = PBXBuildFile; fileRef = 0F3C4F3318FD666E00EE1904 /* gisxyAppDelegate.m */; };
		0F3C4F3718FD666E00EE1904 /* Main_iPhone.storyboard in Resources */ = {isa = PBXBuildFile; fileRef = 0F3C4F3518FD666E00EE1904 /* Main_iPhone.storyboard */; };
		0F3C4F3A18FD666E00EE1904 /* Main_iPad.storyboard in Resources */ = {isa = PBXBuildFile; fileRef = 0F3C4F3818FD666E00EE1904 /* Main_iPad.storyboard */; };
		0F3C4F3D18FD666E00EE1904 /* gisxyViewController.m in Sources */ = {isa = PBXBuildFile; fileRef = 0F3C4F3C18FD666E00EE1904 /* gisxyViewController.m */; };
		0F3C4F3F18FD666E00EE1904 /* Images.xcassets in Resources */ = {isa = PBXBuildFile; fileRef = 0F3C4F3E18FD666E00EE1904 /* Images.xcassets */; };
		0F3C4F4618FD666E00EE1904 /* XCTest.framework in Frameworks */ = {isa = PBXBuildFile; fileRef = 0F3C4F4518FD666E00EE1904 /* XCTest.framework */; };
		0F3C4F4718FD666E00EE1904 /* Foundation.framework in Frameworks */ = {isa = PBXBuildFile; fileRef = 0F3C4F2318FD666E00EE1904 /* Foundation.framework */; };
		0F3C4F4818FD666E00EE1904 /* UIKit.framework in Frameworks */ = {isa = PBXBuildFile; fileRef = 0F3C4F2718FD666E00EE1904 /* UIKit.framework */; };
		0F3C4F5F18FD669100EE1904 /* libWeiboSDK.a in Frameworks */ = {isa = PBXBuildFile; fileRef = 0F3C4F5C18FD669100EE1904 /* libWeiboSDK.a */; };
		0F3C4F6018FD669100EE1904 /* WeiboSDK.bundle in Resources */ = {isa = PBXBuildFile; fileRef = 0F3C4F5D18FD669100EE1904 /* WeiboSDK.bundle */; };
/* End PBXBuildFile section */

/* Begin PBXContainerItemProxy section */
		0F3C4F4918FD666E00EE1904 /* PBXContainerItemProxy */ = {
			isa = PBXContainerItemProxy;
			containerPortal = 0F3C4F1818FD666E00EE1904 /* Project object */;
			proxyType = 1;
			remoteGlobalIDString = 0F3C4F1F18FD666E00EE1904;
			remoteInfo = gisxyDemo;
		};
/* End PBXContainerItemProxy section */

/* Begin PBXFileReference section */
		0F348EE018FE2170000193C8 /* TencentOpenAPI.framework */ = {isa = PBXFileReference; lastKnownFileType = wrapper.framework; name = TencentOpenAPI.framework; path = ../Connect_IOS_SDK_V1.5.1/TencentOpenAPI.framework; sourceTree = "<group>"; };
		0F348EE218FE2183000193C8 /* SystemConfiguration.framework */ = {isa = PBXFileReference; lastKnownFileType = wrapper.framework; name = SystemConfiguration.framework; path = System/Library/Frameworks/SystemConfiguration.framework; sourceTree = SDKROOT; };
		0F348EE418FE21B0000193C8 /* CoreTelephony.framework */ = {isa = PBXFileReference; lastKnownFileType = wrapper.framework; name = CoreTelephony.framework; path = System/Library/Frameworks/CoreTelephony.framework; sourceTree = SDKROOT; };
		0F348EE618FE21C5000193C8 /* CoreFoundation.framework */ = {isa = PBXFileReference; lastKnownFileType = wrapper.framework; name = CoreFoundation.framework; path = System/Library/Frameworks/CoreFoundation.framework; sourceTree = SDKROOT; };
		0F348EE818FE21CD000193C8 /* libstdc++.dylib */ = {isa = PBXFileReference; lastKnownFileType = "compiled.mach-o.dylib"; name = "libstdc++.dylib"; path = "usr/lib/libstdc++.dylib"; sourceTree = SDKROOT; };
		0F348EEA18FE21DB000193C8 /* libsqlite3.dylib */ = {isa = PBXFileReference; lastKnownFileType = "compiled.mach-o.dylib"; name = libsqlite3.dylib; path = usr/lib/libsqlite3.dylib; sourceTree = SDKROOT; };
		0F348EEC18FE21E5000193C8 /* libz.1.1.3.dylib */ = {isa = PBXFileReference; lastKnownFileType = "compiled.mach-o.dylib"; name = libz.1.1.3.dylib; path = usr/lib/libz.1.1.3.dylib; sourceTree = SDKROOT; };
		0F348EEE18FE2202000193C8 /* TencentOpenApi_IOS_Bundle.bundle */ = {isa = PBXFileReference; lastKnownFileType = "wrapper.plug-in"; path = TencentOpenApi_IOS_Bundle.bundle; sourceTree = "<group>"; };
		0F3C4F2018FD666E00EE1904 /* gisxyDemo.app */ = {isa = PBXFileReference; explicitFileType = wrapper.application; includeInIndex = 0; path = gisxyDemo.app; sourceTree = BUILT_PRODUCTS_DIR; };
		0F3C4F2318FD666E00EE1904 /* Foundation.framework */ = {isa = PBXFileReference; lastKnownFileType = wrapper.framework; name = Foundation.framework; path = System/Library/Frameworks/Foundation.framework; sourceTree = SDKROOT; };
		0F3C4F2518FD666E00EE1904 /* CoreGraphics.framework */ = {isa = PBXFileReference; lastKnownFileType = wrapper.framework; name = CoreGraphics.framework; path = System/Library/Frameworks/CoreGraphics.framework; sourceTree = SDKROOT; };
		0F3C4F2718FD666E00EE1904 /* UIKit.framework */ = {isa = PBXFileReference; lastKnownFileType = wrapper.framework; name = UIKit.framework; path = System/Library/Frameworks/UIKit.framework; sourceTree = SDKROOT; };
		0F3C4F2B18FD666E00EE1904 /* gisxyDemo-Info.plist */ = {isa = PBXFileReference; lastKnownFileType = text.plist.xml; path = "gisxyDemo-Info.plist"; sourceTree = "<group>"; };
		0F3C4F2D18FD666E00EE1904 /* en */ = {isa = PBXFileReference; lastKnownFileType = text.plist.strings; name = en; path = en.lproj/InfoPlist.strings; sourceTree = "<group>"; };
		0F3C4F2F18FD666E00EE1904 /* main.m */ = {isa = PBXFileReference; lastKnownFileType = sourcecode.c.objc; path = main.m; sourceTree = "<group>"; };
		0F3C4F3118FD666E00EE1904 /* gisxyDemo-Prefix.pch */ = {isa = PBXFileReference; lastKnownFileType = sourcecode.c.h; path = "gisxyDemo-Prefix.pch"; sourceTree = "<group>"; };
		0F3C4F3218FD666E00EE1904 /* gisxyAppDelegate.h */ = {isa = PBXFileReference; lastKnownFileType = sourcecode.c.h; path = gisxyAppDelegate.h; sourceTree = "<group>"; };
		0F3C4F3318FD666E00EE1904 /* gisxyAppDelegate.m */ = {isa = PBXFileReference; lastKnownFileType = sourcecode.c.objc; path = gisxyAppDelegate.m; sourceTree = "<group>"; };
		0F3C4F3618FD666E00EE1904 /* Base */ = {isa = PBXFileReference; lastKnownFileType = file.storyboard; name = Base; path = Base.lproj/Main_iPhone.storyboard; sourceTree = "<group>"; };
		0F3C4F3918FD666E00EE1904 /* Base */ = {isa = PBXFileReference; lastKnownFileType = file.storyboard; name = Base; path = Base.lproj/Main_iPad.storyboard; sourceTree = "<group>"; };
		0F3C4F3B18FD666E00EE1904 /* gisxyViewController.h */ = {isa = PBXFileReference; lastKnownFileType = sourcecode.c.h; path = gisxyViewController.h; sourceTree = "<group>"; };
		0F3C4F3C18FD666E00EE1904 /* gisxyViewController.m */ = {isa = PBXFileReference; lastKnownFileType = sourcecode.c.objc; path = gisxyViewController.m; sourceTree = "<group>"; };
		0F3C4F3E18FD666E00EE1904 /* Images.xcassets */ = {isa = PBXFileReference; lastKnownFileType = folder.assetcatalog; path = Images.xcassets; sourceTree = "<group>"; };
		0F3C4F4418FD666E00EE1904 /* gisxyDemoTests.xctest */ = {isa = PBXFileReference; explicitFileType = wrapper.cfbundle; includeInIndex = 0; path = gisxyDemoTests.xctest; sourceTree = BUILT_PRODUCTS_DIR; };
		0F3C4F4518FD666E00EE1904 /* XCTest.framework */ = {isa = PBXFileReference; lastKnownFileType = wrapper.framework; name = XCTest.framework; path = Library/Frameworks/XCTest.framework; sourceTree = DEVELOPER_DIR; };
		0F3C4F5C18FD669100EE1904 /* libWeiboSDK.a */ = {isa = PBXFileReference; lastKnownFileType = archive.ar; path = libWeiboSDK.a; sourceTree = "<group>"; };
		0F3C4F5D18FD669100EE1904 /* WeiboSDK.bundle */ = {isa = PBXFileReference; lastKnownFileType = "wrapper.plug-in"; path = WeiboSDK.bundle; sourceTree = "<group>"; };
		0F3C4F5E18FD669100EE1904 /* WeiboSDK.h */ = {isa = PBXFileReference; fileEncoding = 4; lastKnownFileType = sourcecode.c.h; path = WeiboSDK.h; sourceTree = "<group>"; };
/* End PBXFileReference section */

/* Begin PBXFrameworksBuildPhase section */
		0F3C4F1D18FD666E00EE1904 /* Frameworks */ = {
			isa = PBXFrameworksBuildPhase;
			buildActionMask = 2147483647;
			files = (
				0F348EED18FE21E5000193C8 /* libz.1.1.3.dylib in Frameworks */,
				0F348EEB18FE21DB000193C8 /* libsqlite3.dylib in Frameworks */,
				0F348EE918FE21CD000193C8 /* libstdc++.dylib in Frameworks */,
				0F348EE718FE21C5000193C8 /* CoreFoundation.framework in Frameworks */,
				0F348EE518FE21B0000193C8 /* CoreTelephony.framework in Frameworks */,
				0F348EE318FE2183000193C8 /* SystemConfiguration.framework in Frameworks */,
				0F348EE118FE2171000193C8 /* TencentOpenAPI.framework in Frameworks */,
				0F3C4F2618FD666E00EE1904 /* CoreGraphics.framework in Frameworks */,
				0F3C4F2818FD666E00EE1904 /* UIKit.framework in Frameworks */,
				0F3C4F2418FD666E00EE1904 /* Foundation.framework in Frameworks */,
				0F3C4F5F18FD669100EE1904 /* libWeiboSDK.a in Frameworks */,
			);
			runOnlyForDeploymentPostprocessing = 0;
		};
		0F3C4F4118FD666E00EE1904 /* Frameworks */ = {
			isa = PBXFrameworksBuildPhase;
			buildActionMask = 2147483647;
			files = (
				0F3C4F4618FD666E00EE1904 /* XCTest.framework in Frameworks */,
				0F3C4F4818FD666E00EE1904 /* UIKit.framework in Frameworks */,
				0F3C4F4718FD666E00EE1904 /* Foundation.framework in Frameworks */,
			);
			runOnlyForDeploymentPostprocessing = 0;
		};
/* End PBXFrameworksBuildPhase section */

/* Begin PBXGroup section */
		0F3C4F1718FD666E00EE1904 = {
			isa = PBXGroup;
			children = (
				0F3C4F2918FD666E00EE1904 /* gisxyDemo */,
				0F3C4F2218FD666E00EE1904 /* Frameworks */,
				0F3C4F2118FD666E00EE1904 /* Products */,
			);
			sourceTree = "<group>";
		};
		0F3C4F2118FD666E00EE1904 /* Products */ = {
			isa = PBXGroup;
			children = (
				0F3C4F2018FD666E00EE1904 /* gisxyDemo.app */,
				0F3C4F4418FD666E00EE1904 /* gisxyDemoTests.xctest */,
			);
			name = Products;
			sourceTree = "<group>";
		};
		0F3C4F2218FD666E00EE1904 /* Frameworks */ = {
			isa = PBXGroup;
			children = (
				0F348EEC18FE21E5000193C8 /* libz.1.1.3.dylib */,
				0F348EEA18FE21DB000193C8 /* libsqlite3.dylib */,
				0F348EE818FE21CD000193C8 /* libstdc++.dylib */,
				0F348EE618FE21C5000193C8 /* CoreFoundation.framework */,
				0F348EE418FE21B0000193C8 /* CoreTelephony.framework */,
				0F348EE218FE2183000193C8 /* SystemConfiguration.framework */,
				0F348EE018FE2170000193C8 /* TencentOpenAPI.framework */,
				0F3C4F2318FD666E00EE1904 /* Foundation.framework */,
				0F3C4F2518FD666E00EE1904 /* CoreGraphics.framework */,
				0F3C4F2718FD666E00EE1904 /* UIKit.framework */,
				0F3C4F4518FD666E00EE1904 /* XCTest.framework */,
			);
			name = Frameworks;
			sourceTree = "<group>";
		};
		0F3C4F2918FD666E00EE1904 /* gisxyDemo */ = {
			isa = PBXGroup;
			children = (
				0F348EEE18FE2202000193C8 /* TencentOpenApi_IOS_Bundle.bundle */,
				0F3C4F5B18FD669100EE1904 /* libWeiboSDK */,
				0F3C4F3218FD666E00EE1904 /* gisxyAppDelegate.h */,
				0F3C4F3318FD666E00EE1904 /* gisxyAppDelegate.m */,
				0F3C4F3518FD666E00EE1904 /* Main_iPhone.storyboard */,
				0F3C4F3818FD666E00EE1904 /* Main_iPad.storyboard */,
				0F3C4F3B18FD666E00EE1904 /* gisxyViewController.h */,
				0F3C4F3C18FD666E00EE1904 /* gisxyViewController.m */,
				0F3C4F3E18FD666E00EE1904 /* Images.xcassets */,
				0F3C4F2A18FD666E00EE1904 /* Supporting Files */,
			);
			path = gisxyDemo;
			sourceTree = "<group>";
		};
		0F3C4F2A18FD666E00EE1904 /* Supporting Files */ = {
			isa = PBXGroup;
			children = (
				0F3C4F2B18FD666E00EE1904 /* gisxyDemo-Info.plist */,
				0F3C4F2C18FD666E00EE1904 /* InfoPlist.strings */,
				0F3C4F2F18FD666E00EE1904 /* main.m */,
				0F3C4F3118FD666E00EE1904 /* gisxyDemo-Prefix.pch */,
			);
			name = "Supporting Files";
			sourceTree = "<group>";
		};
		0F3C4F5B18FD669100EE1904 /* libWeiboSDK */ = {
			isa = PBXGroup;
			children = (
				0F3C4F5C18FD669100EE1904 /* libWeiboSDK.a */,
				0F3C4F5D18FD669100EE1904 /* WeiboSDK.bundle */,
				0F3C4F5E18FD669100EE1904 /* WeiboSDK.h */,
			);
			path = libWeiboSDK;
			sourceTree = "<group>";
		};
/* End PBXGroup section */

/* Begin PBXNativeTarget section */
		0F3C4F1F18FD666E00EE1904 /* gisxyDemo */ = {
			isa = PBXNativeTarget;
			buildConfigurationList = 0F3C4F5518FD666E00EE1904 /* Build configuration list for PBXNativeTarget "gisxyDemo" */;
			buildPhases = (
				0F3C4F1C18FD666E00EE1904 /* Sources */,
				0F3C4F1D18FD666E00EE1904 /* Frameworks */,
				0F3C4F1E18FD666E00EE1904 /* Resources */,
			);
			buildRules = (
			);
			dependencies = (
			);
			name = gisxyDemo;
			productName = gisxyDemo;
			productReference = 0F3C4F2018FD666E00EE1904 /* gisxyDemo.app */;
			productType = "com.apple.product-type.application";
		};
		0F3C4F4318FD666E00EE1904 /* gisxyDemoTests */ = {
			isa = PBXNativeTarget;
			buildConfigurationList = 0F3C4F5818FD666E00EE1904 /* Build configuration list for PBXNativeTarget "gisxyDemoTests" */;
			buildPhases = (
				0F3C4F4018FD666E00EE1904 /* Sources */,
				0F3C4F4118FD666E00EE1904 /* Frameworks */,
				0F3C4F4218FD666E00EE1904 /* Resources */,
			);
			buildRules = (
			);
			dependencies = (
				0F3C4F4A18FD666E00EE1904 /* PBXTargetDependency */,
			);
			name = gisxyDemoTests;
			productName = gisxyDemoTests;
			productReference = 0F3C4F4418FD666E00EE1904 /* gisxyDemoTests.xctest */;
			productType = "com.apple.product-type.bundle.unit-test";
		};
/* End PBXNativeTarget section */

/* Begin PBXProject section */
		0F3C4F1818FD666E00EE1904 /* Project object */ = {
			isa = PBXProject;
			attributes = {
				CLASSPREFIX = gisxy;
				LastUpgradeCheck = 0500;
				ORGANIZATIONNAME = esrixa;
				TargetAttributes = {
					0F3C4F4318FD666E00EE1904 = {
						TestTargetID = 0F3C4F1F18FD666E00EE1904;
					};
				};
			};
			buildConfigurationList = 0F3C4F1B18FD666E00EE1904 /* Build configuration list for PBXProject "gisxyDemo" */;
			compatibilityVersion = "Xcode 3.2";
			developmentRegion = English;
			hasScannedForEncodings = 0;
			knownRegions = (
				en,
				Base,
			);
			mainGroup = 0F3C4F1718FD666E00EE1904;
			productRefGroup = 0F3C4F2118FD666E00EE1904 /* Products */;
			projectDirPath = "";
			projectRoot = "";
			targets = (
				0F3C4F1F18FD666E00EE1904 /* gisxyDemo */,
				0F3C4F4318FD666E00EE1904 /* gisxyDemoTests */,
			);
		};
/* End PBXProject section */

/* Begin PBXResourcesBuildPhase section */
		0F3C4F1E18FD666E00EE1904 /* Resources */ = {
			isa = PBXResourcesBuildPhase;
			buildActionMask = 2147483647;
			files = (
				0F348EEF18FE2202000193C8 /* TencentOpenApi_IOS_Bundle.bundle in Resources */,
				0F3C4F3A18FD666E00EE1904 /* Main_iPad.storyboard in Resources */,
				0F3C4F3F18FD666E00EE1904 /* Images.xcassets in Resources */,
				0F3C4F6018FD669100EE1904 /* WeiboSDK.bundle in Resources */,
				0F3C4F3718FD666E00EE1904 /* Main_iPhone.storyboard in Resources */,
				0F3C4F2E18FD666E00EE1904 /* InfoPlist.strings in Resources */,
			);
			runOnlyForDeploymentPostprocessing = 0;
		};
		0F3C4F4218FD666E00EE1904 /* Resources */ = {
			isa = PBXResourcesBuildPhase;
			buildActionMask = 2147483647;
			files = (
			);
			runOnlyForDeploymentPostprocessing = 0;
		};
/* End PBXResourcesBuildPhase section */

/* Begin PBXSourcesBuildPhase section */
		0F3C4F1C18FD666E00EE1904 /* Sources */ = {
			isa = PBXSourcesBuildPhase;
			buildActionMask = 2147483647;
			files = (
				0F3C4F3018FD666E00EE1904 /* main.m in Sources */,
				0F3C4F3D18FD666E00EE1904 /* gisxyViewController.m in Sources */,
				0F3C4F3418FD666E00EE1904 /* gisxyAppDelegate.m in Sources */,
			);
			runOnlyForDeploymentPostprocessing = 0;
		};
		0F3C4F4018FD666E00EE1904 /* Sources */ = {
			isa = PBXSourcesBuildPhase;
			buildActionMask = 2147483647;
			files = (
			);
			runOnlyForDeploymentPostprocessing = 0;
		};
/* End PBXSourcesBuildPhase section */

/* Begin PBXTargetDependency section */
		0F3C4F4A18FD666E00EE1904 /* PBXTargetDependency */ = {
			isa = PBXTargetDependency;
			target = 0F3C4F1F18FD666E00EE1904 /* gisxyDemo */;
			targetProxy = 0F3C4F4918FD666E00EE1904 /* PBXContainerItemProxy */;
		};
/* End PBXTargetDependency section */

/* Begin PBXVariantGroup section */
		0F3C4F2C18FD666E00EE1904 /* InfoPlist.strings */ = {
			isa = PBXVariantGroup;
			children = (
				0F3C4F2D18FD666E00EE1904 /* en */,
			);
			name = InfoPlist.strings;
			sourceTree = "<group>";
		};
		0F3C4F3518FD666E00EE1904 /* Main_iPhone.storyboard */ = {
			isa = PBXVariantGroup;
			children = (
				0F3C4F3618FD666E00EE1904 /* Base */,
			);
			name = Main_iPhone.storyboard;
			sourceTree = "<group>";
		};
		0F3C4F3818FD666E00EE1904 /* Main_iPad.storyboard */ = {
			isa = PBXVariantGroup;
			children = (
				0F3C4F3918FD666E00EE1904 /* Base */,
			);
			name = Main_iPad.storyboard;
			sourceTree = "<group>";
		};
/* End PBXVariantGroup section */

/* Begin XCBuildConfiguration section */
		0F3C4F5318FD666E00EE1904 /* Debug */ = {
			isa = XCBuildConfiguration;
			buildSettings = {
				ALWAYS_SEARCH_USER_PATHS = NO;
				ARCHS = "$(ARCHS_STANDARD_INCLUDING_64_BIT)";
				CLANG_CXX_LANGUAGE_STANDARD = "gnu++0x";
				CLANG_CXX_LIBRARY = "libc++";
				CLANG_ENABLE_MODULES = YES;
				CLANG_ENABLE_OBJC_ARC = YES;
				CLANG_WARN_BOOL_CONVERSION = YES;
				CLANG_WARN_CONSTANT_CONVERSION = YES;
				CLANG_WARN_DIRECT_OBJC_ISA_USAGE = YES_ERROR;
				CLANG_WARN_EMPTY_BODY = YES;
				CLANG_WARN_ENUM_CONVERSION = YES;
				CLANG_WARN_INT_CONVERSION = YES;
				CLANG_WARN_OBJC_ROOT_CLASS = YES_ERROR;
				CLANG_WARN__DUPLICATE_METHOD_MATCH = YES;
				"CODE_SIGN_IDENTITY[sdk=iphoneos*]" = "iPhone Developer";
				COPY_PHASE_STRIP = NO;
				GCC_C_LANGUAGE_STANDARD = gnu99;
				GCC_DYNAMIC_NO_PIC = NO;
				GCC_OPTIMIZATION_LEVEL = 0;
				GCC_PREPROCESSOR_DEFINITIONS = (
					"DEBUG=1",
					"$(inherited)",
				);
				GCC_SYMBOLS_PRIVATE_EXTERN = NO;
				GCC_WARN_64_TO_32_BIT_CONVERSION = YES;
				GCC_WARN_ABOUT_RETURN_TYPE = YES_ERROR;
				GCC_WARN_UNDECLARED_SELECTOR = YES;
				GCC_WARN_UNINITIALIZED_AUTOS = YES;
				GCC_WARN_UNUSED_FUNCTION = YES;
				GCC_WARN_UNUSED_VARIABLE = YES;
				IPHONEOS_DEPLOYMENT_TARGET = 7.0;
				ONLY_ACTIVE_ARCH = YES;
				SDKROOT = iphoneos;
				TARGETED_DEVICE_FAMILY = "1,2";
			};
			name = Debug;
		};
		0F3C4F5418FD666E00EE1904 /* Release */ = {
			isa = XCBuildConfiguration;
			buildSettings = {
				ALWAYS_SEARCH_USER_PATHS = NO;
				ARCHS = "$(ARCHS_STANDARD_INCLUDING_64_BIT)";
				CLANG_CXX_LANGUAGE_STANDARD = "gnu++0x";
				CLANG_CXX_LIBRARY = "libc++";
				CLANG_ENABLE_MODULES = YES;
				CLANG_ENABLE_OBJC_ARC = YES;
				CLANG_WARN_BOOL_CONVERSION = YES;
				CLANG_WARN_CONSTANT_CONVERSION = YES;
				CLANG_WARN_DIRECT_OBJC_ISA_USAGE = YES_ERROR;
				CLANG_WARN_EMPTY_BODY = YES;
				CLANG_WARN_ENUM_CONVERSION = YES;
				CLANG_WARN_INT_CONVERSION = YES;
				CLANG_WARN_OBJC_ROOT_CLASS = YES_ERROR;
				CLANG_WARN__DUPLICATE_METHOD_MATCH = YES;
				"CODE_SIGN_IDENTITY[sdk=iphoneos*]" = "iPhone Developer";
				COPY_PHASE_STRIP = YES;
				ENABLE_NS_ASSERTIONS = NO;
				GCC_C_LANGUAGE_STANDARD = gnu99;
				GCC_WARN_64_TO_32_BIT_CONVERSION = YES;
				GCC_WARN_ABOUT_RETURN_TYPE = YES_ERROR;
				GCC_WARN_UNDECLARED_SELECTOR = YES;
				GCC_WARN_UNINITIALIZED_AUTOS = YES;
				GCC_WARN_UNUSED_FUNCTION = YES;
				GCC_WARN_UNUSED_VARIABLE = YES;
				IPHONEOS_DEPLOYMENT_TARGET = 7.0;
				SDKROOT = iphoneos;
				TARGETED_DEVICE_FAMILY = "1,2";
				VALIDATE_PRODUCT = YES;
			};
			name = Release;
		};
		0F3C4F5618FD666E00EE1904 /* Debug */ = {
			isa = XCBuildConfiguration;
			buildSettings = {
				ASSETCATALOG_COMPILER_APPICON_NAME = AppIcon;
				ASSETCATALOG_COMPILER_LAUNCHIMAGE_NAME = LaunchImage;
				FRAMEWORK_SEARCH_PATHS = (
					"$(inherited)",
					"/Users/esrixian/Desktop/share开发/Connect_IOS_SDK_V1.5.1",
				);
				GCC_PRECOMPILE_PREFIX_HEADER = YES;
				GCC_PREFIX_HEADER = "gisxyDemo/gisxyDemo-Prefix.pch";
				INFOPLIST_FILE = "gisxyDemo/gisxyDemo-Info.plist";
				LIBRARY_SEARCH_PATHS = (
					"$(inherited)",
					"/Users/esrixian/Desktop/share开发/gisxyDemo/gisxyDemo/libWeiboSDK",
				);
				PRODUCT_NAME = gisxyDemo;
				WRAPPER_EXTENSION = app;
			};
			name = Debug;
		};
		0F3C4F5718FD666E00EE1904 /* Release */ = {
			isa = XCBuildConfiguration;
			buildSettings = {
				ASSETCATALOG_COMPILER_APPICON_NAME = AppIcon;
				ASSETCATALOG_COMPILER_LAUNCHIMAGE_NAME = LaunchImage;
				FRAMEWORK_SEARCH_PATHS = (
					"$(inherited)",
					"/Users/esrixian/Desktop/share开发/Connect_IOS_SDK_V1.5.1",
				);
				GCC_PRECOMPILE_PREFIX_HEADER = YES;
				GCC_PREFIX_HEADER = "gisxyDemo/gisxyDemo-Prefix.pch";
				INFOPLIST_FILE = "gisxyDemo/gisxyDemo-Info.plist";
				LIBRARY_SEARCH_PATHS = (
					"$(inherited)",
					"/Users/esrixian/Desktop/share开发/gisxyDemo/gisxyDemo/libWeiboSDK",
				);
				PRODUCT_NAME = gisxyDemo;
				WRAPPER_EXTENSION = app;
			};
			name = Release;
		};
		0F3C4F5918FD666E00EE1904 /* Debug */ = {
			isa = XCBuildConfiguration;
			buildSettings = {
				ARCHS = "$(ARCHS_STANDARD_INCLUDING_64_BIT)";
				BUNDLE_LOADER = "$(BUILT_PRODUCTS_DIR)/gisxyDemo.app/gisxyDemo";
				FRAMEWORK_SEARCH_PATHS = (
					"$(SDKROOT)/Developer/Library/Frameworks",
					"$(inherited)",
					"$(DEVELOPER_FRAMEWORKS_DIR)",
				);
				GCC_PRECOMPILE_PREFIX_HEADER = YES;
				GCC_PREFIX_HEADER = "gisxyDemo/gisxyDemo-Prefix.pch";
				GCC_PREPROCESSOR_DEFINITIONS = (
					"DEBUG=1",
					"$(inherited)",
				);
				INFOPLIST_FILE = "gisxyDemoTests/gisxyDemoTests-Info.plist";
				PRODUCT_NAME = gisxyDemoTests;
				TEST_HOST = "$(BUNDLE_LOADER)";
				WRAPPER_EXTENSION = xctest;
			};
			name = Debug;
		};
		0F3C4F5A18FD666E00EE1904 /* Release */ = {
			isa = XCBuildConfiguration;
			buildSettings = {
				ARCHS = "$(ARCHS_STANDARD_INCLUDING_64_BIT)";
				BUNDLE_LOADER = "$(BUILT_PRODUCTS_DIR)/gisxyDemo.app/gisxyDemo";
				FRAMEWORK_SEARCH_PATHS = (
					"$(SDKROOT)/Developer/Library/Frameworks",
					"$(inherited)",
					"$(DEVELOPER_FRAMEWORKS_DIR)",
				);
				GCC_PRECOMPILE_PREFIX_HEADER = YES;
				GCC_PREFIX_HEADER = "gisxyDemo/gisxyDemo-Prefix.pch";
				INFOPLIST_FILE = "gisxyDemoTests/gisxyDemoTests-Info.plist";
				PRODUCT_NAME = gisxyDemoTests;
				TEST_HOST = "$(BUNDLE_LOADER)";
				WRAPPER_EXTENSION = xctest;
			};
			name = Release;
		};
/* End XCBuildConfiguration section */

/* Begin XCConfigurationList section */
		0F3C4F1B18FD666E00EE1904 /* Build configuration list for PBXProject "gisxyDemo" */ = {
			isa = XCConfigurationList;
			buildConfigurations = (
				0F3C4F5318FD666E00EE1904 /* Debug */,
				0F3C4F5418FD666E00EE1904 /* Release */,
			);
			defaultConfigurationIsVisible = 0;
			defaultConfigurationName = Release;
		};
		0F3C4F5518FD666E00EE1904 /* Build configuration list for PBXNativeTarget "gisxyDemo" */ = {
			isa = XCConfigurationList;
			buildConfigurations = (
				0F3C4F5618FD666E00EE1904 /* Debug */,
				0F3C4F5718FD666E00EE1904 /* Release */,
			);
			defaultConfigurationIsVisible = 0;
			defaultConfigurationName = Release;
		};
		0F3C4F5818FD666E00EE1904 /* Build configuration list for PBXNativeTarget "gisxyDemoTests" */ = {
			isa = XCConfigurationList;
			buildConfigurations = (
				0F3C4F5918FD666E00EE1904 /* Debug */,
				0F3C4F5A18FD666E00EE1904 /* Release */,
			);
			defaultConfigurationIsVisible = 0;
			defaultConfigurationName = Release;
		};
/* End XCConfigurationList section */
	};
	rootObject = 0F3C4F1818FD666E00EE1904 /* Project object */;
}
